// !$*UTF8*$!
{
	archiveVersion = 1;
	classes = {
	};
	objectVersion = 46;
	objects = {

/* Begin PBXBuildFile section */
		CE86555819B70EC7009D6947 /* images.bundle in Resources */ = {isa = PBXBuildFile; fileRef = CE86555719B70EC7009D6947 /* images.bundle */; };
		CEE600C819B70BFD00353AA7 /* Foundation.framework in Frameworks */ = {isa = PBXBuildFile; fileRef = CEE600C719B70BFD00353AA7 /* Foundation.framework */; };
		CEE600CA19B70BFD00353AA7 /* CoreGraphics.framework in Frameworks */ = {isa = PBXBuildFile; fileRef = CEE600C919B70BFD00353AA7 /* CoreGraphics.framework */; };
		CEE600CC19B70BFD00353AA7 /* UIKit.framework in Frameworks */ = {isa = PBXBuildFile; fileRef = CEE600CB19B70BFD00353AA7 /* UIKit.framework */; };
		CEE600D219B70BFD00353AA7 /* InfoPlist.strings in Resources */ = {isa = PBXBuildFile; fileRef = CEE600D019B70BFD00353AA7 /* InfoPlist.strings */; };
		CEE600D419B70BFD00353AA7 /* main.m in Sources */ = {isa = PBXBuildFile; fileRef = CEE600D319B70BFD00353AA7 /* main.m */; };
		CEE600D819B70BFD00353AA7 /* AppDelegate.m in Sources */ = {isa = PBXBuildFile; fileRef = CEE600D719B70BFD00353AA7 /* AppDelegate.m */; };
		CEE600DA19B70BFD00353AA7 /* Images.xcassets in Resources */ = {isa = PBXBuildFile; fileRef = CEE600D919B70BFD00353AA7 /* Images.xcassets */; };
		CEE600E119B70BFD00353AA7 /* XCTest.framework in Frameworks */ = {isa = PBXBuildFile; fileRef = CEE600E019B70BFD00353AA7 /* XCTest.framework */; };
		CEE600E219B70BFD00353AA7 /* Foundation.framework in Frameworks */ = {isa = PBXBuildFile; fileRef = CEE600C719B70BFD00353AA7 /* Foundation.framework */; };
		CEE600E319B70BFD00353AA7 /* UIKit.framework in Frameworks */ = {isa = PBXBuildFile; fileRef = CEE600CB19B70BFD00353AA7 /* UIKit.framework */; };
		CEE600EB19B70BFD00353AA7 /* InfoPlist.strings in Resources */ = {isa = PBXBuildFile; fileRef = CEE600E919B70BFD00353AA7 /* InfoPlist.strings */; };
		CEE600ED19B70BFD00353AA7 /* PFRadioButtonTests.m in Sources */ = {isa = PBXBuildFile; fileRef = CEE600EC19B70BFD00353AA7 /* PFRadioButtonTests.m */; };
		CEE600F919B70C5E00353AA7 /* PFRadioButton.m in Sources */ = {isa = PBXBuildFile; fileRef = CEE600F819B70C5E00353AA7 /* PFRadioButton.m */; };
		CEE600FC19B70C8A00353AA7 /* RootVC.m in Sources */ = {isa = PBXBuildFile; fileRef = CEE600FB19B70C8A00353AA7 /* RootVC.m */; };
/* End PBXBuildFile section */

/* Begin PBXContainerItemProxy section */
		CEE600E419B70BFD00353AA7 /* PBXContainerItemProxy */ = {
			isa = PBXContainerItemProxy;
			containerPortal = CEE600BC19B70BFD00353AA7 /* Project object */;
			proxyType = 1;
			remoteGlobalIDString = CEE600C319B70BFD00353AA7;
			remoteInfo = PFRadioButton;
		};
/* End PBXContainerItemProxy section */

/* Begin PBXFileReference section */
		CE86555719B70EC7009D6947 /* images.bundle */ = {isa = PBXFileReference; lastKnownFileType = "wrapper.plug-in"; path = images.bundle; sourceTree = "<group>"; };
		CEE600C419B70BFD00353AA7 /* PFRadioButton.app */ = {isa = PBXFileReference; explicitFileType = wrapper.application; includeInIndex = 0; path = PFRadioButton.app; sourceTree = BUILT_PRODUCTS_DIR; };
		CEE600C719B70BFD00353AA7 /* Foundation.framework */ = {isa = PBXFileReference; lastKnownFileType = wrapper.framework; name = Foundation.framework; path = System/Library/Frameworks/Foundation.framework; sourceTree = SDKROOT; };
		CEE600C919B70BFD00353AA7 /* CoreGraphics.framework */ = {isa = PBXFileReference; lastKnownFileType = wrapper.framework; name = CoreGraphics.framework; path = System/Library/Frameworks/CoreGraphics.framework; sourceTree = SDKROOT; };
		CEE600CB19B70BFD00353AA7 /* UIKit.framework */ = {isa = PBXFileReference; lastKnownFileType = wrapper.framework; name = UIKit.framework; path = System/Library/Frameworks/UIKit.framework; sourceTree = SDKROOT; };
		CEE600CF19B70BFD00353AA7 /* PFRadioButton-Info.plist */ = {isa = PBXFileReference; lastKnownFileType = text.plist.xml; path = "PFRadioButton-Info.plist"; sourceTree = "<group>"; };
		CEE600D119B70BFD00353AA7 /* en */ = {isa = PBXFileReference; lastKnownFileType = text.plist.strings; name = en; path = en.lproj/InfoPlist.strings; sourceTree = "<group>"; };
		CEE600D319B70BFD00353AA7 /* main.m */ = {isa = PBXFileReference; lastKnownFileType = sourcecode.c.objc; path = main.m; sourceTree = "<group>"; };
		CEE600D519B70BFD00353AA7 /* PFRadioButton-Prefix.pch */ = {isa = PBXFileReference; lastKnownFileType = sourcecode.c.h; path = "PFRadioButton-Prefix.pch"; sourceTree = "<group>"; };
		CEE600D619B70BFD00353AA7 /* AppDelegate.h */ = {isa = PBXFileReference; lastKnownFileType = sourcecode.c.h; path = AppDelegate.h; sourceTree = "<group>"; };
		CEE600D719B70BFD00353AA7 /* AppDelegate.m */ = {isa = PBXFileReference; lastKnownFileType = sourcecode.c.objc; path = AppDelegate.m; sourceTree = "<group>"; };
		CEE600D919B70BFD00353AA7 /* Images.xcassets */ = {isa = PBXFileReference; lastKnownFileType = folder.assetcatalog; path = Images.xcassets; sourceTree = "<group>"; };
		CEE600DF19B70BFD00353AA7 /* PFRadioButtonTests.xctest */ = {isa = PBXFileReference; explicitFileType = wrapper.cfbundle; includeInIndex = 0; path = PFRadioButtonTests.xctest; sourceTree = BUILT_PRODUCTS_DIR; };
		CEE600E019B70BFD00353AA7 /* XCTest.framework */ = {isa = PBXFileReference; lastKnownFileType = wrapper.framework; name = XCTest.framework; path = Library/Frameworks/XCTest.framework; sourceTree = DEVELOPER_DIR; };
		CEE600E819B70BFD00353AA7 /* PFRadioButtonTests-Info.plist */ = {isa = PBXFileReference; lastKnownFileType = text.plist.xml; path = "PFRadioButtonTests-Info.plist"; sourceTree = "<group>"; };
		CEE600EA19B70BFD00353AA7 /* en */ = {isa = PBXFileReference; lastKnownFileType = text.plist.strings; name = en; path = en.lproj/InfoPlist.strings; sourceTree = "<group>"; };
		CEE600EC19B70BFD00353AA7 /* PFRadioButtonTests.m */ = {isa = PBXFileReference; lastKnownFileType = sourcecode.c.objc; path = PFRadioButtonTests.m; sourceTree = "<group>"; };
		CEE600F719B70C5E00353AA7 /* PFRadioButton.h */ = {isa = PBXFileReference; fileEncoding = 4; lastKnownFileType = sourcecode.c.h; path = PFRadioButton.h; sourceTree = "<group>"; };
		CEE600F819B70C5E00353AA7 /* PFRadioButton.m */ = {isa = PBXFileReference; fileEncoding = 4; lastKnownFileType = sourcecode.c.objc; path = PFRadioButton.m; sourceTree = "<group>"; };
		CEE600FA19B70C8A00353AA7 /* RootVC.h */ = {isa = PBXFileReference; fileEncoding = 4; lastKnownFileType = sourcecode.c.h; path = RootVC.h; sourceTree = "<group>"; };
		CEE600FB19B70C8A00353AA7 /* RootVC.m */ = {isa = PBXFileReference; fileEncoding = 4; lastKnownFileType = sourcecode.c.objc; path = RootVC.m; sourceTree = "<group>"; };
/* End PBXFileReference section */

/* Begin PBXFrameworksBuildPhase section */
		CEE600C119B70BFD00353AA7 /* Frameworks */ = {
			isa = PBXFrameworksBuildPhase;
			buildActionMask = 2147483647;
			files = (
				CEE600CA19B70BFD00353AA7 /* CoreGraphics.framework in Frameworks */,
				CEE600CC19B70BFD00353AA7 /* UIKit.framework in Frameworks */,
				CEE600C819B70BFD00353AA7 /* Foundation.framework in Frameworks */,
			);
			runOnlyForDeploymentPostprocessing = 0;
		};
		CEE600DC19B70BFD00353AA7 /* Frameworks */ = {
			isa = PBXFrameworksBuildPhase;
			buildActionMask = 2147483647;
			files = (
				CEE600E119B70BFD00353AA7 /* XCTest.framework in Frameworks */,
				CEE600E319B70BFD00353AA7 /* UIKit.framework in Frameworks */,
				CEE600E219B70BFD00353AA7 /* Foundation.framework in Frameworks */,
			);
			runOnlyForDeploymentPostprocessing = 0;
		};
/* End PBXFrameworksBuildPhase section */

/* Begin PBXGroup section */
		CEE600BB19B70BFD00353AA7 = {
			isa = PBXGroup;
			children = (
				CEE600CD19B70BFD00353AA7 /* PFRadioButton */,
				CEE600E619B70BFD00353AA7 /* PFRadioButtonTests */,
				CEE600C619B70BFD00353AA7 /* Frameworks */,
				CEE600C519B70BFD00353AA7 /* Products */,
			);
			sourceTree = "<group>";
		};
		CEE600C519B70BFD00353AA7 /* Products */ = {
			isa = PBXGroup;
			children = (
				CEE600C419B70BFD00353AA7 /* PFRadioButton.app */,
				CEE600DF19B70BFD00353AA7 /* PFRadioButtonTests.xctest */,
			);
			name = Products;
			sourceTree = "<group>";
		};
		CEE600C619B70BFD00353AA7 /* Frameworks */ = {
			isa = PBXGroup;
			children = (
				CEE600C719B70BFD00353AA7 /* Foundation.framework */,
				CEE600C919B70BFD00353AA7 /* CoreGraphics.framework */,
				CEE600CB19B70BFD00353AA7 /* UIKit.framework */,
				CEE600E019B70BFD00353AA7 /* XCTest.framework */,
			);
			name = Frameworks;
			sourceTree = "<group>";
		};
		CEE600CD19B70BFD00353AA7 /* PFRadioButton */ = {
			isa = PBXGroup;
			children = (
				CEE600D619B70BFD00353AA7 /* AppDelegate.h */,
				CEE600D719B70BFD00353AA7 /* AppDelegate.m */,
				CEE600FA19B70C8A00353AA7 /* RootVC.h */,
				CEE600FB19B70C8A00353AA7 /* RootVC.m */,
				CEE600F619B70C3700353AA7 /* PFRadioButton */,
				CEE600D919B70BFD00353AA7 /* Images.xcassets */,
				CEE600CE19B70BFD00353AA7 /* Supporting Files */,
			);
			path = PFRadioButton;
			sourceTree = "<group>";
		};
		CEE600CE19B70BFD00353AA7 /* Supporting Files */ = {
			isa = PBXGroup;
			children = (
				CEE600CF19B70BFD00353AA7 /* PFRadioButton-Info.plist */,
				CEE600D019B70BFD00353AA7 /* InfoPlist.strings */,
				CEE600D319B70BFD00353AA7 /* main.m */,
				CEE600D519B70BFD00353AA7 /* PFRadioButton-Prefix.pch */,
			);
			name = "Supporting Files";
			sourceTree = "<group>";
		};
		CEE600E619B70BFD00353AA7 /* PFRadioButtonTests */ = {
			isa = PBXGroup;
			children = (
				CEE600EC19B70BFD00353AA7 /* PFRadioButtonTests.m */,
				CEE600E719B70BFD00353AA7 /* Supporting Files */,
			);
			path = PFRadioButtonTests;
			sourceTree = "<group>";
		};
		CEE600E719B70BFD00353AA7 /* Supporting Files */ = {
			isa = PBXGroup;
			children = (
				CEE600E819B70BFD00353AA7 /* PFRadioButtonTests-Info.plist */,
				CEE600E919B70BFD00353AA7 /* InfoPlist.strings */,
			);
			name = "Supporting Files";
			sourceTree = "<group>";
		};
		CEE600F619B70C3700353AA7 /* PFRadioButton */ = {
			isa = PBXGroup;
			children = (
				CE86555719B70EC7009D6947 /* images.bundle */,
				CEE600F719B70C5E00353AA7 /* PFRadioButton.h */,
				CEE600F819B70C5E00353AA7 /* PFRadioButton.m */,
			);
			path = PFRadioButton;
			sourceTree = "<group>";
		};
/* End PBXGroup section */

/* Begin PBXNativeTarget section */
		CEE600C319B70BFD00353AA7 /* PFRadioButton */ = {
			isa = PBXNativeTarget;
			buildConfigurationList = CEE600F019B70BFD00353AA7 /* Build configuration list for PBXNativeTarget "PFRadioButton" */;
			buildPhases = (
				CEE600C019B70BFD00353AA7 /* Sources */,
				CEE600C119B70BFD00353AA7 /* Frameworks */,
				CEE600C219B70BFD00353AA7 /* Resources */,
			);
			buildRules = (
			);
			dependencies = (
			);
			name = PFRadioButton;
			productName = PFRadioButton;
			productReference = CEE600C419B70BFD00353AA7 /* PFRadioButton.app */;
			productType = "com.apple.product-type.application";
		};
		CEE600DE19B70BFD00353AA7 /* PFRadioButtonTests */ = {
			isa = PBXNativeTarget;
			buildConfigurationList = CEE600F319B70BFD00353AA7 /* Build configuration list for PBXNativeTarget "PFRadioButtonTests" */;
			buildPhases = (
				CEE600DB19B70BFD00353AA7 /* Sources */,
				CEE600DC19B70BFD00353AA7 /* Frameworks */,
				CEE600DD19B70BFD00353AA7 /* Resources */,
			);
			buildRules = (
			);
			dependencies = (
				CEE600E519B70BFD00353AA7 /* PBXTargetDependency */,
			);
			name = PFRadioButtonTests;
			productName = PFRadioButtonTests;
			productReference = CEE600DF19B70BFD00353AA7 /* PFRadioButtonTests.xctest */;
			productType = "com.apple.product-type.bundle.unit-test";
		};
/* End PBXNativeTarget section */

/* Begin PBXProject section */
		CEE600BC19B70BFD00353AA7 /* Project object */ = {
			isa = PBXProject;
			attributes = {
				LastUpgradeCheck = 0510;
				ORGANIZATIONNAME = PFei_He;
				TargetAttributes = {
					CEE600DE19B70BFD00353AA7 = {
						TestTargetID = CEE600C319B70BFD00353AA7;
					};
				};
			};
			buildConfigurationList = CEE600BF19B70BFD00353AA7 /* Build configuration list for PBXProject "PFRadioButton" */;
			compatibilityVersion = "Xcode 3.2";
			developmentRegion = English;
			hasScannedForEncodings = 0;
			knownRegions = (
				en,
			);
			mainGroup = CEE600BB19B70BFD00353AA7;
			productRefGroup = CEE600C519B70BFD00353AA7 /* Products */;
			projectDirPath = "";
			projectRoot = "";
			targets = (
				CEE600C319B70BFD00353AA7 /* PFRadioButton */,
				CEE600DE19B70BFD00353AA7 /* PFRadioButtonTests */,
			);
		};
/* End PBXProject section */

/* Begin PBXResourcesBuildPhase section */
		CEE600C219B70BFD00353AA7 /* Resources */ = {
			isa = PBXResourcesBuildPhase;
			buildActionMask = 2147483647;
			files = (
				CEE600D219B70BFD00353AA7 /* InfoPlist.strings in Resources */,
				CE86555819B70EC7009D6947 /* images.bundle in Resources */,
				CEE600DA19B70BFD00353AA7 /* Images.xcassets in Resources */,
			);
			runOnlyForDeploymentPostprocessing = 0;
		};
		CEE600DD19B70BFD00353AA7 /* Resources */ = {
			isa = PBXResourcesBuildPhase;
			buildActionMask = 2147483647;
			files = (
				CEE600EB19B70BFD00353AA7 /* InfoPlist.strings in Resources */,
			);
			runOnlyForDeploymentPostprocessing = 0;
		};
/* End PBXResourcesBuildPhase section */

/* Begin PBXSourcesBuildPhase section */
		CEE600C019B70BFD00353AA7 /* Sources */ = {
			isa = PBXSourcesBuildPhase;
			buildActionMask = 2147483647;
			files = (
				CEE600FC19B70C8A00353AA7 /* RootVC.m in Sources */,
				CEE600D819B70BFD00353AA7 /* AppDelegate.m in Sources */,
				CEE600D419B70BFD00353AA7 /* main.m in Sources */,
				CEE600F919B70C5E00353AA7 /* PFRadioButton.m in Sources */,
			);
			runOnlyForDeploymentPostprocessing = 0;
		};
		CEE600DB19B70BFD00353AA7 /* Sources */ = {
			isa = PBXSourcesBuildPhase;
			buildActionMask = 2147483647;
			files = (
				CEE600ED19B70BFD00353AA7 /* PFRadioButtonTests.m in Sources */,
			);
			runOnlyForDeploymentPostprocessing = 0;
		};
/* End PBXSourcesBuildPhase section */

/* Begin PBXTargetDependency section */
		CEE600E519B70BFD00353AA7 /* PBXTargetDependency */ = {
			isa = PBXTargetDependency;
			target = CEE600C319B70BFD00353AA7 /* PFRadioButton */;
			targetProxy = CEE600E419B70BFD00353AA7 /* PBXContainerItemProxy */;
		};
/* End PBXTargetDependency section */

/* Begin PBXVariantGroup section */
		CEE600D019B70BFD00353AA7 /* InfoPlist.strings */ = {
			isa = PBXVariantGroup;
			children = (
				CEE600D119B70BFD00353AA7 /* en */,
			);
			name = InfoPlist.strings;
			sourceTree = "<group>";
		};
		CEE600E919B70BFD00353AA7 /* InfoPlist.strings */ = {
			isa = PBXVariantGroup;
			children = (
				CEE600EA19B70BFD00353AA7 /* en */,
			);
			name = InfoPlist.strings;
			sourceTree = "<group>";
		};
/* End PBXVariantGroup section */

/* Begin XCBuildConfiguration section */
		CEE600EE19B70BFD00353AA7 /* Debug */ = {
			isa = XCBuildConfiguration;
			buildSettings = {
				ALWAYS_SEARCH_USER_PATHS = NO;
				CLANG_CXX_LANGUAGE_STANDARD = "gnu++0x";
				CLANG_CXX_LIBRARY = "libc++";
				CLANG_ENABLE_MODULES = YES;
				CLANG_ENABLE_OBJC_ARC = YES;
				CLANG_WARN_BOOL_CONVERSION = YES;
				CLANG_WARN_CONSTANT_CONVERSION = YES;
				CLANG_WARN_DIRECT_OBJC_ISA_USAGE = YES_ERROR;
				CLANG_WARN_EMPTY_BODY = YES;
				CLANG_WARN_ENUM_CONVERSION = YES;
				CLANG_WARN_INT_CONVERSION = YES;
				CLANG_WARN_OBJC_ROOT_CLASS = YES_ERROR;
				CLANG_WARN__DUPLICATE_METHOD_MATCH = YES;
				"CODE_SIGN_IDENTITY[sdk=iphoneos*]" = "iPhone Developer";
				COPY_PHASE_STRIP = NO;
				GCC_C_LANGUAGE_STANDARD = gnu99;
				GCC_DYNAMIC_NO_PIC = NO;
				GCC_OPTIMIZATION_LEVEL = 0;
				GCC_PREPROCESSOR_DEFINITIONS = (
					"DEBUG=1",
					"$(inherited)",
				);
				GCC_SYMBOLS_PRIVATE_EXTERN = NO;
				GCC_WARN_64_TO_32_BIT_CONVERSION = YES;
				GCC_WARN_ABOUT_RETURN_TYPE = YES_ERROR;
				GCC_WARN_UNDECLARED_SELECTOR = YES;
				GCC_WARN_UNINITIALIZED_AUTOS = YES_AGGRESSIVE;
				GCC_WARN_UNUSED_FUNCTION = YES;
				GCC_WARN_UNUSED_VARIABLE = YES;
				IPHONEOS_DEPLOYMENT_TARGET = 7.1;
				ONLY_ACTIVE_ARCH = YES;
				SDKROOT = iphoneos;
				TARGETED_DEVICE_FAMILY = "1,2";
			};
			name = Debug;
		};
		CEE600EF19B70BFD00353AA7 /* Release */ = {
			isa = XCBuildConfiguration;
			buildSettings = {
				ALWAYS_SEARCH_USER_PATHS = NO;
				CLANG_CXX_LANGUAGE_STANDARD = "gnu++0x";
				CLANG_CXX_LIBRARY = "libc++";
				CLANG_ENABLE_MODULES = YES;
				CLANG_ENABLE_OBJC_ARC = YES;
				CLANG_WARN_BOOL_CONVERSION = YES;
				CLANG_WARN_CONSTANT_CONVERSION = YES;
				CLANG_WARN_DIRECT_OBJC_ISA_USAGE = YES_ERROR;
				CLANG_WARN_EMPTY_BODY = YES;
				CLANG_WARN_ENUM_CONVERSION = YES;
				CLANG_WARN_INT_CONVERSION = YES;
				CLANG_WARN_OBJC_ROOT_CLASS = YES_ERROR;
				CLANG_WARN__DUPLICATE_METHOD_MATCH = YES;
				"CODE_SIGN_IDENTITY[sdk=iphoneos*]" = "iPhone Developer";
				COPY_PHASE_STRIP = YES;
				ENABLE_NS_ASSERTIONS = NO;
				GCC_C_LANGUAGE_STANDARD = gnu99;
				GCC_WARN_64_TO_32_BIT_CONVERSION = YES;
				GCC_WARN_ABOUT_RETURN_TYPE = YES_ERROR;
				GCC_WARN_UNDECLARED_SELECTOR = YES;
				GCC_WARN_UNINITIALIZED_AUTOS = YES_AGGRESSIVE;
				GCC_WARN_UNUSED_FUNCTION = YES;
				GCC_WARN_UNUSED_VARIABLE = YES;
				IPHONEOS_DEPLOYMENT_TARGET = 7.1;
				SDKROOT = iphoneos;
				TARGETED_DEVICE_FAMILY = "1,2";
				VALIDATE_PRODUCT = YES;
			};
			name = Release;
		};
		CEE600F119B70BFD00353AA7 /* Debug */ = {
			isa = XCBuildConfiguration;
			buildSettings = {
				ASSETCATALOG_COMPILER_APPICON_NAME = AppIcon;
				ASSETCATALOG_COMPILER_LAUNCHIMAGE_NAME = LaunchImage;
				GCC_PRECOMPILE_PREFIX_HEADER = YES;
				GCC_PREFIX_HEADER = "PFRadioButton/PFRadioButton-Prefix.pch";
				INFOPLIST_FILE = "PFRadioButton/PFRadioButton-Info.plist";
				PRODUCT_NAME = "$(TARGET_NAME)";
				WRAPPER_EXTENSION = app;
			};
			name = Debug;
		};
		CEE600F219B70BFD00353AA7 /* Release */ = {
			isa = XCBuildConfiguration;
			buildSettings = {
				ASSETCATALOG_COMPILER_APPICON_NAME = AppIcon;
				ASSETCATALOG_COMPILER_LAUNCHIMAGE_NAME = LaunchImage;
				GCC_PRECOMPILE_PREFIX_HEADER = YES;
				GCC_PREFIX_HEADER = "PFRadioButton/PFRadioButton-Prefix.pch";
				INFOPLIST_FILE = "PFRadioButton/PFRadioButton-Info.plist";
				PRODUCT_NAME = "$(TARGET_NAME)";
				WRAPPER_EXTENSION = app;
			};
			name = Release;
		};
		CEE600F419B70BFD00353AA7 /* Debug */ = {
			isa = XCBuildConfiguration;
			buildSettings = {
				BUNDLE_LOADER = "$(BUILT_PRODUCTS_DIR)/PFRadioButton.app/PFRadioButton";
				FRAMEWORK_SEARCH_PATHS = (
					"$(SDKROOT)/Developer/Library/Frameworks",
					"$(inherited)",
					"$(DEVELOPER_FRAMEWORKS_DIR)",
				);
				GCC_PRECOMPILE_PREFIX_HEADER = YES;
				GCC_PREFIX_HEADER = "PFRadioButton/PFRadioButton-Prefix.pch";
				GCC_PREPROCESSOR_DEFINITIONS = (
					"DEBUG=1",
					"$(inherited)",
				);
				INFOPLIST_FILE = "PFRadioButtonTests/PFRadioButtonTests-Info.plist";
				PRODUCT_NAME = "$(TARGET_NAME)";
				TEST_HOST = "$(BUNDLE_LOADER)";
				WRAPPER_EXTENSION = xctest;
			};
			name = Debug;
		};
		CEE600F519B70BFD00353AA7 /* Release */ = {
			isa = XCBuildConfiguration;
			buildSettings = {
				BUNDLE_LOADER = "$(BUILT_PRODUCTS_DIR)/PFRadioButton.app/PFRadioButton";
				FRAMEWORK_SEARCH_PATHS = (
					"$(SDKROOT)/Developer/Library/Frameworks",
					"$(inherited)",
					"$(DEVELOPER_FRAMEWORKS_DIR)",
				);
				GCC_PRECOMPILE_PREFIX_HEADER = YES;
				GCC_PREFIX_HEADER = "PFRadioButton/PFRadioButton-Prefix.pch";
				INFOPLIST_FILE = "PFRadioButtonTests/PFRadioButtonTests-Info.plist";
				PRODUCT_NAME = "$(TARGET_NAME)";
				TEST_HOST = "$(BUNDLE_LOADER)";
				WRAPPER_EXTENSION = xctest;
			};
			name = Release;
		};
/* End XCBuildConfiguration section */

/* Begin XCConfigurationList section */
		CEE600BF19B70BFD00353AA7 /* Build configuration list for PBXProject "PFRadioButton" */ = {
			isa = XCConfigurationList;
			buildConfigurations = (
				CEE600EE19B70BFD00353AA7 /* Debug */,
				CEE600EF19B70BFD00353AA7 /* Release */,
			);
			defaultConfigurationIsVisible = 0;
			defaultConfigurationName = Release;
		};
		CEE600F019B70BFD00353AA7 /* Build configuration list for PBXNativeTarget "PFRadioButton" */ = {
			isa = XCConfigurationList;
			buildConfigurations = (
				CEE600F119B70BFD00353AA7 /* Debug */,
				CEE600F219B70BFD00353AA7 /* Release */,
			);
			defaultConfigurationIsVisible = 0;
			defaultConfigurationName = Release;
		};
		CEE600F319B70BFD00353AA7 /* Build configuration list for PBXNativeTarget "PFRadioButtonTests" */ = {
			isa = XCConfigurationList;
			buildConfigurations = (
				CEE600F419B70BFD00353AA7 /* Debug */,
				CEE600F519B70BFD00353AA7 /* Release */,
			);
			defaultConfigurationIsVisible = 0;
			defaultConfigurationName = Release;
		};
/* End XCConfigurationList section */
	};
	rootObject = CEE600BC19B70BFD00353AA7 /* Project object */;
}
